
Microsoft Visual Studio Solution File, Format Version 12.00
# Visual Studio 15
VisualStudioVersion = 15.0.27130.2020
MinimumVisualStudioVersion = 10.0.40219.1
Project("{FAE04EC0-301F-11D3-BF4B-00C04F79EFBC}") = "Dota.Web", "Dota.Web\Dota.Web.csproj", "{D8266858-53F0-4D7C-B7AB-D9A791BC08EF}"
EndProject
Project("{FAE04EC0-301F-11D3-BF4B-00C04F79EFBC}") = "Dota.Web.Tests", "Dota.Web.Tests\Dota.Web.Tests.csproj", "{FECFBA43-59D7-45FA-8499-ABC0C342E24D}"
EndProject
Project("{FAE04EC0-301F-11D3-BF4B-00C04F79EFBC}") = "Dota.Models", "Dota.Models\Dota.Models.csproj", "{54876BB8-E4A1-4553-83C1-593B6D242954}"
EndProject
Project("{FAE04EC0-301F-11D3-BF4B-00C04F79EFBC}") = "Dota.Services", "Dota.Services\Dota.Services.csproj", "{6813E810-446B-40F9-B079-AD6230D973FE}"
EndProject
Global
	GlobalSection(SolutionConfigurationPlatforms) = preSolution
		AzureBuild|Any CPU = AzureBuild|Any CPU
		Debug|Any CPU = Debug|Any CPU
		Release|Any CPU = Release|Any CPU
	EndGlobalSection
	GlobalSection(ProjectConfigurationPlatforms) = postSolution
		{D8266858-53F0-4D7C-B7AB-D9A791BC08EF}.AzureBuild|Any CPU.ActiveCfg = AzureBuild|Any CPU
		{D8266858-53F0-4D7C-B7AB-D9A791BC08EF}.AzureBuild|Any CPU.Build.0 = AzureBuild|Any CPU
		{D8266858-53F0-4D7C-B7AB-D9A791BC08EF}.Debug|Any CPU.ActiveCfg = Debug|Any CPU
		{D8266858-53F0-4D7C-B7AB-D9A791BC08EF}.Debug|Any CPU.Build.0 = Debug|Any CPU
		{D8266858-53F0-4D7C-B7AB-D9A791BC08EF}.Release|Any CPU.ActiveCfg = Release|Any CPU
		{D8266858-53F0-4D7C-B7AB-D9A791BC08EF}.Release|Any CPU.Build.0 = Release|Any CPU
		{FECFBA43-59D7-45FA-8499-ABC0C342E24D}.AzureBuild|Any CPU.ActiveCfg = AzureBuild|Any CPU
		{FECFBA43-59D7-45FA-8499-ABC0C342E24D}.AzureBuild|Any CPU.Build.0 = AzureBuild|Any CPU
		{FECFBA43-59D7-45FA-8499-ABC0C342E24D}.Debug|Any CPU.ActiveCfg = Debug|Any CPU
		{FECFBA43-59D7-45FA-8499-ABC0C342E24D}.Debug|Any CPU.Build.0 = Debug|Any CPU
		{FECFBA43-59D7-45FA-8499-ABC0C342E24D}.Release|Any CPU.ActiveCfg = Release|Any CPU
		{FECFBA43-59D7-45FA-8499-ABC0C342E24D}.Release|Any CPU.Build.0 = Release|Any CPU
		{54876BB8-E4A1-4553-83C1-593B6D242954}.AzureBuild|Any CPU.ActiveCfg = AzureBuild|Any CPU
		{54876BB8-E4A1-4553-83C1-593B6D242954}.AzureBuild|Any CPU.Build.0 = AzureBuild|Any CPU
		{54876BB8-E4A1-4553-83C1-593B6D242954}.Debug|Any CPU.ActiveCfg = Debug|Any CPU
		{54876BB8-E4A1-4553-83C1-593B6D242954}.Debug|Any CPU.Build.0 = Debug|Any CPU
		{54876BB8-E4A1-4553-83C1-593B6D242954}.Release|Any CPU.ActiveCfg = Release|Any CPU
		{54876BB8-E4A1-4553-83C1-593B6D242954}.Release|Any CPU.Build.0 = Release|Any CPU
		{6813E810-446B-40F9-B079-AD6230D973FE}.AzureBuild|Any CPU.ActiveCfg = AzureBuild|Any CPU
		{6813E810-446B-40F9-B079-AD6230D973FE}.AzureBuild|Any CPU.Build.0 = AzureBuild|Any CPU
		{6813E810-446B-40F9-B079-AD6230D973FE}.Debug|Any CPU.ActiveCfg = Debug|Any CPU
		{6813E810-446B-40F9-B079-AD6230D973FE}.Debug|Any CPU.Build.0 = Debug|Any CPU
		{6813E810-446B-40F9-B079-AD6230D973FE}.Release|Any CPU.ActiveCfg = Release|Any CPU
		{6813E810-446B-40F9-B079-AD6230D973FE}.Release|Any CPU.Build.0 = Release|Any CPU
	EndGlobalSection
	GlobalSection(SolutionProperties) = preSolution
		HideSolutionNode = FALSE
	EndGlobalSection
	GlobalSection(ExtensibilityGlobals) = postSolution
		SolutionGuid = {AED27E51-B944-465A-93DE-A0E2AE96FF12}
	EndGlobalSection
EndGlobal
